
Microsoft Visual Studio Solution File, Format Version 12.00
# Visual Studio 15
VisualStudioVersion = 15.0.28307.572
MinimumVisualStudioVersion = 10.0.40219.1
Project("{9A19103F-16F7-4668-BE54-9A1E7A4F7556}") = "BBHT", "BBHT-III\BBHT.csproj", "{2BD5F408-CB24-4B79-9A08-6DA291BC935F}"
EndProject
Global
	GlobalSection(SolutionConfigurationPlatforms) = preSolution
		Debug|Any CPU = Debug|Any CPU
		Release|Any CPU = Release|Any CPU
	EndGlobalSection
	GlobalSection(ProjectConfigurationPlatforms) = postSolution
		{2BD5F408-CB24-4B79-9A08-6DA291BC935F}.Debug|Any CPU.ActiveCfg = Debug|Any CPU
		{2BD5F408-CB24-4B79-9A08-6DA291BC935F}.Debug|Any CPU.Build.0 = Debug|Any CPU
		{2BD5F408-CB24-4B79-9A08-6DA291BC935F}.Release|Any CPU.ActiveCfg = Release|Any CPU
		{2BD5F408-CB24-4B79-9A08-6DA291BC935F}.Release|Any CPU.Build.0 = Release|Any CPU
	EndGlobalSection
	GlobalSection(SolutionProperties) = preSolution
		HideSolutionNode = FALSE
	EndGlobalSection
	GlobalSection(ExtensibilityGlobals) = postSolution
		SolutionGuid = {21142FC0-D33C-4E4D-B87C-66647E4F6445}
	EndGlobalSection
EndGlobal
